
Microsoft Visual Studio Solution File, Format Version 12.00
# Visual Studio Version 17
VisualStudioVersion = 17.5.2.0
MinimumVisualStudioVersion = 10.0.40219.1
Project("{FAE04EC0-301F-11D3-BF4B-00C04F79EFBC}") = "DentalApp.Desktop", "DentalApp.Desktop\DentalApp.Desktop.csproj", "{0D759178-98E4-3AFD-329E-8A69AD55CB94}"
EndProject
Project("{FAE04EC0-301F-11D3-BF4B-00C04F79EFBC}") = "DentalApp.Desktop.Tests", "DentalApp.Desktop.Tests\DentalApp.Desktop.Tests.csproj", "{3E57CE06-DCFF-4D79-91B2-E6D2C64F7FBC}"
EndProject
Global
	GlobalSection(SolutionConfigurationPlatforms) = preSolution
		Debug|Any CPU = Debug|Any CPU
		Debug|x64 = Debug|x64
		Debug|x86 = Debug|x86
		Release|Any CPU = Release|Any CPU
		Release|x64 = Release|x64
		Release|x86 = Release|x86
	EndGlobalSection
	GlobalSection(ProjectConfigurationPlatforms) = postSolution
		{0D759178-98E4-3AFD-329E-8A69AD55CB94}.Debug|Any CPU.ActiveCfg = Debug|Any CPU
		{0D759178-98E4-3AFD-329E-8A69AD55CB94}.Debug|Any CPU.Build.0 = Debug|Any CPU
		{0D759178-98E4-3AFD-329E-8A69AD55CB94}.Debug|x64.ActiveCfg = Debug|Any CPU
		{0D759178-98E4-3AFD-329E-8A69AD55CB94}.Debug|x64.Build.0 = Debug|Any CPU
		{0D759178-98E4-3AFD-329E-8A69AD55CB94}.Debug|x86.ActiveCfg = Debug|Any CPU
		{0D759178-98E4-3AFD-329E-8A69AD55CB94}.Debug|x86.Build.0 = Debug|Any CPU
		{0D759178-98E4-3AFD-329E-8A69AD55CB94}.Release|Any CPU.ActiveCfg = Release|Any CPU
		{0D759178-98E4-3AFD-329E-8A69AD55CB94}.Release|Any CPU.Build.0 = Release|Any CPU
		{0D759178-98E4-3AFD-329E-8A69AD55CB94}.Release|x64.ActiveCfg = Release|Any CPU
		{0D759178-98E4-3AFD-329E-8A69AD55CB94}.Release|x64.Build.0 = Release|Any CPU
		{0D759178-98E4-3AFD-329E-8A69AD55CB94}.Release|x86.ActiveCfg = Release|Any CPU
		{0D759178-98E4-3AFD-329E-8A69AD55CB94}.Release|x86.Build.0 = Release|Any CPU
		{3E57CE06-DCFF-4D79-91B2-E6D2C64F7FBC}.Debug|Any CPU.ActiveCfg = Debug|Any CPU
		{3E57CE06-DCFF-4D79-91B2-E6D2C64F7FBC}.Debug|Any CPU.Build.0 = Debug|Any CPU
		{3E57CE06-DCFF-4D79-91B2-E6D2C64F7FBC}.Debug|x64.ActiveCfg = Debug|Any CPU
		{3E57CE06-DCFF-4D79-91B2-E6D2C64F7FBC}.Debug|x64.Build.0 = Debug|Any CPU
		{3E57CE06-DCFF-4D79-91B2-E6D2C64F7FBC}.Debug|x86.ActiveCfg = Debug|Any CPU
		{3E57CE06-DCFF-4D79-91B2-E6D2C64F7FBC}.Debug|x86.Build.0 = Debug|Any CPU
		{3E57CE06-DCFF-4D79-91B2-E6D2C64F7FBC}.Release|Any CPU.ActiveCfg = Release|Any CPU
		{3E57CE06-DCFF-4D79-91B2-E6D2C64F7FBC}.Release|Any CPU.Build.0 = Release|Any CPU
		{3E57CE06-DCFF-4D79-91B2-E6D2C64F7FBC}.Release|x64.ActiveCfg = Release|Any CPU
		{3E57CE06-DCFF-4D79-91B2-E6D2C64F7FBC}.Release|x64.Build.0 = Release|Any CPU
		{3E57CE06-DCFF-4D79-91B2-E6D2C64F7FBC}.Release|x86.ActiveCfg = Release|Any CPU
		{3E57CE06-DCFF-4D79-91B2-E6D2C64F7FBC}.Release|x86.Build.0 = Release|Any CPU
	EndGlobalSection
	GlobalSection(SolutionProperties) = preSolution
		HideSolutionNode = FALSE
	EndGlobalSection
	GlobalSection(ExtensibilityGlobals) = postSolution
		SolutionGuid = {DB4F45E5-974E-4E8F-904B-7CC0D95DA719}
	EndGlobalSection
EndGlobal
